<?xml version="1.0" encoding="utf-8"?>
<Project ToolsVersion="4.0" xmlns="http://schemas.microsoft.com/developer/msbuild/2003">
  <ItemGroup>
    <Filter Include="Quelldateien">
      <UniqueIdentifier>{4FC737F1-C7A5-4376-A066-2A32D752A2FF}</UniqueIdentifier>
      <Extensions>cpp;c;cc;cxx;def;odl;idl;hpj;bat;asm;asmx</Extensions>
    </Filter>
    <Filter Include="Headerdateien">
      <UniqueIdentifier>{93995380-89BD-4b04-88EB-625FBE52EBFB}</UniqueIdentifier>
      <Extensions>h;hh;hpp;hxx;hm;inl;inc;xsd</Extensions>
    </Filter>
    <Filter Include="src">
      <UniqueIdentifier>{41f3431f-28a1-4ba1-9257-5dfc38ca1754}</UniqueIdentifier>
    </Filter>
    <Filter Include="src\driver">
      <UniqueIdentifier>{583258f5-5940-4b14-9832-36fa9ca53772}</UniqueIdentifier>
    </Filter>
    <Filter Include="ArduinoLib">
      <UniqueIdentifier>{0210163f-5a98-49fe-b6fb-bfb80b7c2523}</UniqueIdentifier>
    </Filter>
    <Filter Include="Maps">
      <UniqueIdentifier>{847221e3-f6fc-4c15-bdd5-42a4e190d2e4}</UniqueIdentifier>
    </Filter>
    <Filter Include="src\mpu">
      <UniqueIdentifier>{fdf59694-8f8d-48cd-a8d6-d91bfa97bf02}</UniqueIdentifier>
    </Filter>
  </ItemGroup>
  <ItemGroup>
    <ClInclude Include="battery.h">
      <Filter>Headerdateien</Filter>
    </ClInclude>
    <ClInclude Include="ble.h">
      <Filter>Headerdateien</Filter>
    </ClInclude>
    <ClInclude Include="buzzer.h">
      <Filter>Headerdateien</Filter>
    </ClInclude>
    <ClInclude Include="comm.h">
      <Filter>Headerdateien</Filter>
    </ClInclude>
    <ClInclude Include="config.h">
      <Filter>Headerdateien</Filter>
    </ClInclude>
    <ClInclude Include="config_example.h">
      <Filter>Headerdateien</Filter>
    </ClInclude>
    <ClInclude Include="console.h">
      <Filter>Headerdateien</Filter>
    </ClInclude>
    <ClInclude Include="cpu.h">
      <Filter>Headerdateien</Filter>
    </ClInclude>
    <ClInclude Include="helper.h">
      <Filter>Headerdateien</Filter>
    </ClInclude>
    <ClInclude Include="helper_3dmath.h">
      <Filter>Headerdateien</Filter>
    </ClInclude>
    <ClInclude Include="i2c.h">
      <Filter>Headerdateien</Filter>
    </ClInclude>
    <ClInclude Include="LinkedList.h">
      <Filter>Headerdateien</Filter>
    </ClInclude>
    <ClInclude Include="map.h">
      <Filter>Headerdateien</Filter>
    </ClInclude>
    <ClInclude Include="motor.h">
      <Filter>Headerdateien</Filter>
    </ClInclude>
    <ClInclude Include="pid.h">
      <Filter>Headerdateien</Filter>
    </ClInclude>
    <ClInclude Include="pinman.h">
      <Filter>Headerdateien</Filter>
    </ClInclude>
    <ClInclude Include="rcmodel.h">
      <Filter>Headerdateien</Filter>
    </ClInclude>
    <ClInclude Include="reset.h">
      <Filter>Headerdateien</Filter>
    </ClInclude>
    <ClInclude Include="robot.h">
      <Filter>Headerdateien</Filter>
    </ClInclude>
    <ClInclude Include="RunningMedian.h">
      <Filter>Headerdateien</Filter>
    </ClInclude>
    <ClInclude Include="sdserial.h">
      <Filter>Headerdateien</Filter>
    </ClInclude>
    <ClInclude Include="sonar.h">
      <Filter>Headerdateien</Filter>
    </ClInclude>
    <ClInclude Include="SparkFunHTU21D.h">
      <Filter>Headerdateien</Filter>
    </ClInclude>
    <ClInclude Include="udpserial.h">
      <Filter>Headerdateien</Filter>
    </ClInclude>
    <ClInclude Include="VL53L0X.h">
      <Filter>Headerdateien</Filter>
    </ClInclude>
    <ClInclude Include="src\driver\AmRobotDriver.h">
      <Filter>src\driver</Filter>
    </ClInclude>
    <ClInclude Include="file_cmds.h">
      <Filter>Headerdateien</Filter>
    </ClInclude>
    <ClInclude Include="..\..\..\..\..\..\Program Files (x86)\Arduino\libraries\SD\src\SD.h">
      <Filter>ArduinoLib</Filter>
    </ClInclude>
    <ClInclude Include="sim.h">
      <Filter>Headerdateien</Filter>
    </ClInclude>
    <ClInclude Include="..\..\..\..\..\..\Program Files (x86)\Arduino\libraries\SD\src\utility\SdFat.h">
      <Filter>ArduinoLib</Filter>
    </ClInclude>
    <ClInclude Include="rtc.h">
      <Filter>Headerdateien</Filter>
    </ClInclude>
    <ClInclude Include="fix_display.h">
      <Filter>Headerdateien</Filter>
    </ClInclude>
    <ClInclude Include="src\due\DueTimer.h">
      <Filter>ArduinoLib</Filter>
    </ClInclude>
    <ClInclude Include="src\ublox\ublox.h">
      <Filter>Headerdateien</Filter>
    </ClInclude>
    <ClInclude Include="src\ublox\SparkFun_Ublox_Arduino_Library.h">
      <Filter>Headerdateien</Filter>
    </ClInclude>
    <ClInclude Include="..\..\..\AppData\Local\Arduino15\packages\arduino\hardware\sam\1.6.12\cores\arduino\RingBuffer.h">
      <Filter>ArduinoLib</Filter>
    </ClInclude>
    <ClInclude Include="src\mpu\SparkFunMPU9250-DMP.h">
      <Filter>src\mpu</Filter>
    </ClInclude>
  </ItemGroup>
  <ItemGroup>
    <ClCompile Include="battery.cpp">
      <Filter>Quelldateien</Filter>
    </ClCompile>
    <ClCompile Include="ble.cpp">
      <Filter>Quelldateien</Filter>
    </ClCompile>
    <ClCompile Include="buzzer.cpp">
      <Filter>Quelldateien</Filter>
    </ClCompile>
    <ClCompile Include="comm.cpp">
      <Filter>Quelldateien</Filter>
    </ClCompile>
    <ClCompile Include="cpu.cpp">
      <Filter>Quelldateien</Filter>
    </ClCompile>
    <ClCompile Include="helper.cpp">
      <Filter>Quelldateien</Filter>
    </ClCompile>
    <ClCompile Include="i2c.cpp">
      <Filter>Quelldateien</Filter>
    </ClCompile>
    <ClCompile Include="map.cpp">
      <Filter>Quelldateien</Filter>
    </ClCompile>
    <ClCompile Include="motor.cpp">
      <Filter>Quelldateien</Filter>
    </ClCompile>
    <ClCompile Include="pid.cpp">
      <Filter>Quelldateien</Filter>
    </ClCompile>
    <ClCompile Include="pinman.cpp">
      <Filter>Quelldateien</Filter>
    </ClCompile>
    <ClCompile Include="rcmodel.cpp">
      <Filter>Quelldateien</Filter>
    </ClCompile>
    <ClCompile Include="reset.cpp">
      <Filter>Quelldateien</Filter>
    </ClCompile>
    <ClCompile Include="robot.cpp">
      <Filter>Quelldateien</Filter>
    </ClCompile>
    <ClCompile Include="sdserial.cpp">
      <Filter>Quelldateien</Filter>
    </ClCompile>
    <ClCompile Include="sonar.cpp">
      <Filter>Quelldateien</Filter>
    </ClCompile>
    <ClCompile Include="SparkFunHTU21D.cpp">
      <Filter>Quelldateien</Filter>
    </ClCompile>
    <ClCompile Include="udpserial.cpp">
      <Filter>Quelldateien</Filter>
    </ClCompile>
    <ClCompile Include="VL53L0X.cpp">
      <Filter>Quelldateien</Filter>
    </ClCompile>
    <ClCompile Include="src\driver\AmRobotDriver.cpp">
      <Filter>src\driver</Filter>
    </ClCompile>
    <ClCompile Include="file_cmds.cpp">
      <Filter>Quelldateien</Filter>
    </ClCompile>
    <ClCompile Include="sim.cpp">
      <Filter>Quelldateien</Filter>
    </ClCompile>
    <ClCompile Include="rtc.cpp">
      <Filter>Quelldateien</Filter>
    </ClCompile>
    <ClCompile Include="src\ublox\ublox.cpp">
      <Filter>Quelldateien</Filter>
    </ClCompile>
    <ClCompile Include="src\ublox\SparkFun_Ublox_Arduino_Library.cpp">
      <Filter>Quelldateien</Filter>
    </ClCompile>
    <ClCompile Include="fix_display.cpp">
      <Filter>Quelldateien</Filter>
    </ClCompile>
    <ClCompile Include="src\mpu\SparkFunMPU9250-DMP.cpp">
      <Filter>src\mpu</Filter>
    </ClCompile>
  </ItemGroup>
  <ItemGroup>
    <None Include="Moonlight.ino">
      <Filter>Quelldateien</Filter>
    </None>
    <None Include="amcp\maps.json">
      <Filter>Maps</Filter>
    </None>
  </ItemGroup>
</Project>